// !$*UTF8*$!
{
	archiveVersion = 1;
	classes = {
	};
	objectVersion = 55;
	objects = {

/* Begin PBXBuildFile section */
		61288CA9279004330062579F /* UISlider.swift in Sources */ = {isa = PBXBuildFile; fileRef = 61288CA8279004330062579F /* UISlider.swift */; };
		61288CAB279285A70062579F /* DiaryDetailViewController.swift in Sources */ = {isa = PBXBuildFile; fileRef = 61288CAA279285A70062579F /* DiaryDetailViewController.swift */; };
		61288CAF2797E8380062579F /* TimerViewModel.swift in Sources */ = {isa = PBXBuildFile; fileRef = 61288CAE2797E8380062579F /* TimerViewModel.swift */; };
		61288CB12797E8430062579F /* TimerModel.swift in Sources */ = {isa = PBXBuildFile; fileRef = 61288CB02797E8430062579F /* TimerModel.swift */; };
		613C593527C227F7003FF3F7 /* IngredientsRatio.swift in Sources */ = {isa = PBXBuildFile; fileRef = 613C593427C227F7003FF3F7 /* IngredientsRatio.swift */; };
		6182F2D42755FEB0001848E0 /* AppDelegate.swift in Sources */ = {isa = PBXBuildFile; fileRef = 6182F2D32755FEB0001848E0 /* AppDelegate.swift */; };
		6182F2D62755FEB0001848E0 /* SceneDelegate.swift in Sources */ = {isa = PBXBuildFile; fileRef = 6182F2D52755FEB0001848E0 /* SceneDelegate.swift */; };
		6182F2D82755FEB0001848E0 /* ExchangerViewController.swift in Sources */ = {isa = PBXBuildFile; fileRef = 6182F2D72755FEB0001848E0 /* ExchangerViewController.swift */; };
		6182F2DB2755FEB0001848E0 /* Main.storyboard in Resources */ = {isa = PBXBuildFile; fileRef = 6182F2D92755FEB0001848E0 /* Main.storyboard */; };
		6182F2DD2755FEB1001848E0 /* Assets.xcassets in Resources */ = {isa = PBXBuildFile; fileRef = 6182F2DC2755FEB1001848E0 /* Assets.xcassets */; };
		6182F2E02755FEB1001848E0 /* LaunchScreen.storyboard in Resources */ = {isa = PBXBuildFile; fileRef = 6182F2DE2755FEB1001848E0 /* LaunchScreen.storyboard */; };
		6182F2E927575087001848E0 /* .swiftlint.yml in Resources */ = {isa = PBXBuildFile; fileRef = 6182F2E827575087001848E0 /* .swiftlint.yml */; };
		6182F2EF275F6C13001848E0 /* ExchangeModel.swift in Sources */ = {isa = PBXBuildFile; fileRef = 6182F2EE275F6C13001848E0 /* ExchangeModel.swift */; };
		6182F2F12761C467001848E0 /* ExchangerViewModel.swift in Sources */ = {isa = PBXBuildFile; fileRef = 6182F2F02761C467001848E0 /* ExchangerViewModel.swift */; };
		6182F2F52761C4AE001848E0 /* TimerViewController.swift in Sources */ = {isa = PBXBuildFile; fileRef = 6182F2F42761C4AE001848E0 /* TimerViewController.swift */; };
		6182F2F72761C4BC001848E0 /* DiaryCollectionViewController.swift in Sources */ = {isa = PBXBuildFile; fileRef = 6182F2F62761C4BC001848E0 /* DiaryCollectionViewController.swift */; };
		6182F2FA2761C799001848E0 /* UITabBar.swift in Sources */ = {isa = PBXBuildFile; fileRef = 6182F2F92761C799001848E0 /* UITabBar.swift */; };
		6182F303276215FA001848E0 /* UIView.swift in Sources */ = {isa = PBXBuildFile; fileRef = 6182F302276215FA001848E0 /* UIView.swift */; };
		6182F30527623226001848E0 /* UITextField.swift in Sources */ = {isa = PBXBuildFile; fileRef = 6182F30427623226001848E0 /* UITextField.swift */; };
		6182F30F27678817001848E0 /* DiaryWriteViewController.swift in Sources */ = {isa = PBXBuildFile; fileRef = 6182F30E27678817001848E0 /* DiaryWriteViewController.swift */; };
		6182F3172768C405001848E0 /* DiaryCollectionViewCell.swift in Sources */ = {isa = PBXBuildFile; fileRef = 6182F3162768C405001848E0 /* DiaryCollectionViewCell.swift */; };
		6182F3192769FFE4001848E0 /* UIColor.swift in Sources */ = {isa = PBXBuildFile; fileRef = 6182F3182769FFE4001848E0 /* UIColor.swift */; };
		6182F31B276A1765001848E0 /* DiaryIngredientsTableViewCell.swift in Sources */ = {isa = PBXBuildFile; fileRef = 6182F31A276A1765001848E0 /* DiaryIngredientsTableViewCell.swift */; };
		61C8EA1327A287EC003FD11B /* Observable.swift in Sources */ = {isa = PBXBuildFile; fileRef = 61C8EA1227A287EC003FD11B /* Observable.swift */; };
		96EBEB9F79360C3629DCA791 /* Pods_LetsBake.framework in Frameworks */ = {isa = PBXBuildFile; fileRef = 8F45EA3DC6A3E9A686344595 /* Pods_LetsBake.framework */; };
/* End PBXBuildFile section */

/* Begin PBXFileReference section */
		3648401ECB54DBF7FE4CE346 /* Pods-LetsBake.release.xcconfig */ = {isa = PBXFileReference; includeInIndex = 1; lastKnownFileType = text.xcconfig; name = "Pods-LetsBake.release.xcconfig"; path = "Target Support Files/Pods-LetsBake/Pods-LetsBake.release.xcconfig"; sourceTree = "<group>"; };
		61288CA8279004330062579F /* UISlider.swift */ = {isa = PBXFileReference; lastKnownFileType = sourcecode.swift; path = UISlider.swift; sourceTree = "<group>"; };
		61288CAA279285A70062579F /* DiaryDetailViewController.swift */ = {isa = PBXFileReference; lastKnownFileType = sourcecode.swift; path = DiaryDetailViewController.swift; sourceTree = "<group>"; };
		61288CAE2797E8380062579F /* TimerViewModel.swift */ = {isa = PBXFileReference; lastKnownFileType = sourcecode.swift; path = TimerViewModel.swift; sourceTree = "<group>"; };
		61288CB02797E8430062579F /* TimerModel.swift */ = {isa = PBXFileReference; lastKnownFileType = sourcecode.swift; path = TimerModel.swift; sourceTree = "<group>"; };
		613C593427C227F7003FF3F7 /* IngredientsRatio.swift */ = {isa = PBXFileReference; lastKnownFileType = sourcecode.swift; path = IngredientsRatio.swift; sourceTree = "<group>"; };
		6182F2D02755FEB0001848E0 /* LetsBake.app */ = {isa = PBXFileReference; explicitFileType = wrapper.application; includeInIndex = 0; path = LetsBake.app; sourceTree = BUILT_PRODUCTS_DIR; };
		6182F2D32755FEB0001848E0 /* AppDelegate.swift */ = {isa = PBXFileReference; lastKnownFileType = sourcecode.swift; path = AppDelegate.swift; sourceTree = "<group>"; };
		6182F2D52755FEB0001848E0 /* SceneDelegate.swift */ = {isa = PBXFileReference; lastKnownFileType = sourcecode.swift; path = SceneDelegate.swift; sourceTree = "<group>"; };
		6182F2D72755FEB0001848E0 /* ExchangerViewController.swift */ = {isa = PBXFileReference; lastKnownFileType = sourcecode.swift; path = ExchangerViewController.swift; sourceTree = "<group>"; usesTabs = 0; };
		6182F2DA2755FEB0001848E0 /* Base */ = {isa = PBXFileReference; lastKnownFileType = file.storyboard; name = Base; path = Base.lproj/Main.storyboard; sourceTree = "<group>"; };
		6182F2DC2755FEB1001848E0 /* Assets.xcassets */ = {isa = PBXFileReference; lastKnownFileType = folder.assetcatalog; path = Assets.xcassets; sourceTree = "<group>"; };
		6182F2DF2755FEB1001848E0 /* Base */ = {isa = PBXFileReference; lastKnownFileType = file.storyboard; name = Base; path = Base.lproj/LaunchScreen.storyboard; sourceTree = "<group>"; };
		6182F2E12755FEB1001848E0 /* Info.plist */ = {isa = PBXFileReference; lastKnownFileType = text.plist.xml; path = Info.plist; sourceTree = "<group>"; };
		6182F2E827575087001848E0 /* .swiftlint.yml */ = {isa = PBXFileReference; fileEncoding = 4; lastKnownFileType = text.yaml; path = .swiftlint.yml; sourceTree = "<group>"; };
		6182F2EE275F6C13001848E0 /* ExchangeModel.swift */ = {isa = PBXFileReference; lastKnownFileType = sourcecode.swift; path = ExchangeModel.swift; sourceTree = "<group>"; };
		6182F2F02761C467001848E0 /* ExchangerViewModel.swift */ = {isa = PBXFileReference; lastKnownFileType = sourcecode.swift; path = ExchangerViewModel.swift; sourceTree = "<group>"; };
		6182F2F42761C4AE001848E0 /* TimerViewController.swift */ = {isa = PBXFileReference; lastKnownFileType = sourcecode.swift; path = TimerViewController.swift; sourceTree = "<group>"; };
		6182F2F62761C4BC001848E0 /* DiaryCollectionViewController.swift */ = {isa = PBXFileReference; lastKnownFileType = sourcecode.swift; path = DiaryCollectionViewController.swift; sourceTree = "<group>"; };
		6182F2F92761C799001848E0 /* UITabBar.swift */ = {isa = PBXFileReference; lastKnownFileType = sourcecode.swift; path = UITabBar.swift; sourceTree = "<group>"; };
		6182F302276215FA001848E0 /* UIView.swift */ = {isa = PBXFileReference; lastKnownFileType = sourcecode.swift; path = UIView.swift; sourceTree = "<group>"; };
		6182F30427623226001848E0 /* UITextField.swift */ = {isa = PBXFileReference; lastKnownFileType = sourcecode.swift; path = UITextField.swift; sourceTree = "<group>"; };
		6182F30E27678817001848E0 /* DiaryWriteViewController.swift */ = {isa = PBXFileReference; lastKnownFileType = sourcecode.swift; path = DiaryWriteViewController.swift; sourceTree = "<group>"; };
		6182F3162768C405001848E0 /* DiaryCollectionViewCell.swift */ = {isa = PBXFileReference; lastKnownFileType = sourcecode.swift; path = DiaryCollectionViewCell.swift; sourceTree = "<group>"; };
		6182F3182769FFE4001848E0 /* UIColor.swift */ = {isa = PBXFileReference; lastKnownFileType = sourcecode.swift; path = UIColor.swift; sourceTree = "<group>"; };
		6182F31A276A1765001848E0 /* DiaryIngredientsTableViewCell.swift */ = {isa = PBXFileReference; lastKnownFileType = sourcecode.swift; path = DiaryIngredientsTableViewCell.swift; sourceTree = "<group>"; };
		61C8EA1227A287EC003FD11B /* Observable.swift */ = {isa = PBXFileReference; lastKnownFileType = sourcecode.swift; path = Observable.swift; sourceTree = "<group>"; };
		8F45EA3DC6A3E9A686344595 /* Pods_LetsBake.framework */ = {isa = PBXFileReference; explicitFileType = wrapper.framework; includeInIndex = 0; path = Pods_LetsBake.framework; sourceTree = BUILT_PRODUCTS_DIR; };
		F691CB0BC95D2EC2C2FF6992 /* Pods-LetsBake.debug.xcconfig */ = {isa = PBXFileReference; includeInIndex = 1; lastKnownFileType = text.xcconfig; name = "Pods-LetsBake.debug.xcconfig"; path = "Target Support Files/Pods-LetsBake/Pods-LetsBake.debug.xcconfig"; sourceTree = "<group>"; };
/* End PBXFileReference section */

/* Begin PBXFrameworksBuildPhase section */
		6182F2CD2755FEB0001848E0 /* Frameworks */ = {
			isa = PBXFrameworksBuildPhase;
			buildActionMask = 2147483647;
			files = (
				96EBEB9F79360C3629DCA791 /* Pods_LetsBake.framework in Frameworks */,
			);
			runOnlyForDeploymentPostprocessing = 0;
		};
/* End PBXFrameworksBuildPhase section */

/* Begin PBXGroup section */
		6182F2C72755FEB0001848E0 = {
			isa = PBXGroup;
			children = (
				6182F2E827575087001848E0 /* .swiftlint.yml */,
				6182F2D22755FEB0001848E0 /* LetsBake */,
				6182F2D12755FEB0001848E0 /* Products */,
				656C48F0932D05CF977556DD /* Pods */,
				FCDC57874B97FAEFD1D62722 /* Frameworks */,
			);
			sourceTree = "<group>";
		};
		6182F2D12755FEB0001848E0 /* Products */ = {
			isa = PBXGroup;
			children = (
				6182F2D02755FEB0001848E0 /* LetsBake.app */,
			);
			name = Products;
			sourceTree = "<group>";
		};
		6182F2D22755FEB0001848E0 /* LetsBake */ = {
			isa = PBXGroup;
			children = (
				61F84F5E27BA3592001B8EDE /* Utils */,
				6182F2F82761C780001848E0 /* Extension */,
				6182F308276786FA001848E0 /* Diary */,
				6182F3012762155F001848E0 /* Exchanger */,
				6182F306276786B6001848E0 /* Timer */,
				6182F2D32755FEB0001848E0 /* AppDelegate.swift */,
				6182F2D52755FEB0001848E0 /* SceneDelegate.swift */,
				6182F2D92755FEB0001848E0 /* Main.storyboard */,
				6182F2DC2755FEB1001848E0 /* Assets.xcassets */,
				6182F2DE2755FEB1001848E0 /* LaunchScreen.storyboard */,
				6182F2E12755FEB1001848E0 /* Info.plist */,
			);
			path = LetsBake;
			sourceTree = "<group>";
		};
		6182F2EA275F6AC9001848E0 /* Model */ = {
			isa = PBXGroup;
			children = (
				6182F2EE275F6C13001848E0 /* ExchangeModel.swift */,
			);
			path = Model;
			sourceTree = "<group>";
		};
		6182F2EB275F6AD1001848E0 /* ViewModel */ = {
			isa = PBXGroup;
			children = (
				6182F2F02761C467001848E0 /* ExchangerViewModel.swift */,
			);
			path = ViewModel;
			sourceTree = "<group>";
		};
		6182F2EC275F6AE2001848E0 /* View */ = {
			isa = PBXGroup;
			children = (
				6182F2F62761C4BC001848E0 /* DiaryCollectionViewController.swift */,
				6182F3162768C405001848E0 /* DiaryCollectionViewCell.swift */,
				6182F30E27678817001848E0 /* DiaryWriteViewController.swift */,
				6182F31A276A1765001848E0 /* DiaryIngredientsTableViewCell.swift */,
				61288CAA279285A70062579F /* DiaryDetailViewController.swift */,
			);
			path = View;
			sourceTree = "<group>";
		};
		6182F2F82761C780001848E0 /* Extension */ = {
			isa = PBXGroup;
			children = (
				6182F2F92761C799001848E0 /* UITabBar.swift */,
				6182F302276215FA001848E0 /* UIView.swift */,
				6182F30427623226001848E0 /* UITextField.swift */,
				6182F3182769FFE4001848E0 /* UIColor.swift */,
				61288CA8279004330062579F /* UISlider.swift */,
			);
			path = Extension;
			sourceTree = "<group>";
		};
		6182F3012762155F001848E0 /* Exchanger */ = {
			isa = PBXGroup;
			children = (
				6182F2EB275F6AD1001848E0 /* ViewModel */,
				6182F2EA275F6AC9001848E0 /* Model */,
				6182F307276786D0001848E0 /* View */,
			);
			path = Exchanger;
			sourceTree = "<group>";
		};
		6182F306276786B6001848E0 /* Timer */ = {
			isa = PBXGroup;
			children = (
				6182F30B2767873D001848E0 /* Model */,
				6182F30A27678736001848E0 /* ViewModel */,
				6182F30927678722001848E0 /* View */,
			);
			path = Timer;
			sourceTree = "<group>";
		};
		6182F307276786D0001848E0 /* View */ = {
			isa = PBXGroup;
			children = (
				6182F2D72755FEB0001848E0 /* ExchangerViewController.swift */,
			);
			path = View;
			sourceTree = "<group>";
		};
		6182F308276786FA001848E0 /* Diary */ = {
			isa = PBXGroup;
			children = (
				6182F30D27678752001848E0 /* Model */,
				6182F30C27678749001848E0 /* ViewModel */,
				6182F2EC275F6AE2001848E0 /* View */,
			);
			path = Diary;
			sourceTree = "<group>";
		};
		6182F30927678722001848E0 /* View */ = {
			isa = PBXGroup;
			children = (
				6182F2F42761C4AE001848E0 /* TimerViewController.swift */,
			);
			path = View;
			sourceTree = "<group>";
		};
		6182F30A27678736001848E0 /* ViewModel */ = {
			isa = PBXGroup;
			children = (
				61288CAE2797E8380062579F /* TimerViewModel.swift */,
			);
			path = ViewModel;
			sourceTree = "<group>";
		};
		6182F30B2767873D001848E0 /* Model */ = {
			isa = PBXGroup;
			children = (
				61288CB02797E8430062579F /* TimerModel.swift */,
			);
			path = Model;
			sourceTree = "<group>";
		};
		6182F30C27678749001848E0 /* ViewModel */ = {
			isa = PBXGroup;
			children = (
			);
			path = ViewModel;
			sourceTree = "<group>";
		};
		6182F30D27678752001848E0 /* Model */ = {
			isa = PBXGroup;
			children = (
			);
			path = Model;
			sourceTree = "<group>";
		};
		61F84F5E27BA3592001B8EDE /* Utils */ = {
			isa = PBXGroup;
			children = (
				61C8EA1227A287EC003FD11B /* Observable.swift */,
				613C593427C227F7003FF3F7 /* IngredientsRatio.swift */,
			);
			path = Utils;
			sourceTree = "<group>";
		};
		656C48F0932D05CF977556DD /* Pods */ = {
			isa = PBXGroup;
			children = (
				F691CB0BC95D2EC2C2FF6992 /* Pods-LetsBake.debug.xcconfig */,
				3648401ECB54DBF7FE4CE346 /* Pods-LetsBake.release.xcconfig */,
			);
			path = Pods;
			sourceTree = "<group>";
		};
		FCDC57874B97FAEFD1D62722 /* Frameworks */ = {
			isa = PBXGroup;
			children = (
				8F45EA3DC6A3E9A686344595 /* Pods_LetsBake.framework */,
			);
			name = Frameworks;
			sourceTree = "<group>";
		};
/* End PBXGroup section */

/* Begin PBXNativeTarget section */
		6182F2CF2755FEB0001848E0 /* LetsBake */ = {
			isa = PBXNativeTarget;
			buildConfigurationList = 6182F2E42755FEB1001848E0 /* Build configuration list for PBXNativeTarget "LetsBake" */;
			buildPhases = (
				75495DB25F90ECC138D3DE4E /* [CP] Check Pods Manifest.lock */,
				6182F2E7275607F4001848E0 /* ShellScript */,
				6182F2CC2755FEB0001848E0 /* Sources */,
				6182F2CD2755FEB0001848E0 /* Frameworks */,
				6182F2CE2755FEB0001848E0 /* Resources */,
			);
			buildRules = (
			);
			dependencies = (
			);
			name = LetsBake;
			productName = LetsBake;
			productReference = 6182F2D02755FEB0001848E0 /* LetsBake.app */;
			productType = "com.apple.product-type.application";
		};
/* End PBXNativeTarget section */

/* Begin PBXProject section */
		6182F2C82755FEB0001848E0 /* Project object */ = {
			isa = PBXProject;
			attributes = {
				BuildIndependentTargetsInParallel = 1;
				LastSwiftUpdateCheck = 1300;
				LastUpgradeCheck = 1300;
				TargetAttributes = {
					6182F2CF2755FEB0001848E0 = {
						CreatedOnToolsVersion = 13.0;
					};
				};
			};
			buildConfigurationList = 6182F2CB2755FEB0001848E0 /* Build configuration list for PBXProject "LetsBake" */;
			compatibilityVersion = "Xcode 13.0";
			developmentRegion = en;
			hasScannedForEncodings = 0;
			knownRegions = (
				en,
				Base,
			);
			mainGroup = 6182F2C72755FEB0001848E0;
			productRefGroup = 6182F2D12755FEB0001848E0 /* Products */;
			projectDirPath = "";
			projectRoot = "";
			targets = (
				6182F2CF2755FEB0001848E0 /* LetsBake */,
			);
		};
/* End PBXProject section */

/* Begin PBXResourcesBuildPhase section */
		6182F2CE2755FEB0001848E0 /* Resources */ = {
			isa = PBXResourcesBuildPhase;
			buildActionMask = 2147483647;
			files = (
				6182F2E927575087001848E0 /* .swiftlint.yml in Resources */,
				6182F2E02755FEB1001848E0 /* LaunchScreen.storyboard in Resources */,
				6182F2DD2755FEB1001848E0 /* Assets.xcassets in Resources */,
				6182F2DB2755FEB0001848E0 /* Main.storyboard in Resources */,
			);
			runOnlyForDeploymentPostprocessing = 0;
		};
/* End PBXResourcesBuildPhase section */

/* Begin PBXShellScriptBuildPhase section */
		6182F2E7275607F4001848E0 /* ShellScript */ = {
			isa = PBXShellScriptBuildPhase;
			buildActionMask = 2147483647;
			files = (
			);
			inputFileListPaths = (
			);
			inputPaths = (
			);
			outputFileListPaths = (
			);
			outputPaths = (
			);
			runOnlyForDeploymentPostprocessing = 0;
			shellPath = /bin/sh;
			shellScript = "${PODS_ROOT}/SwiftLint/swiftlint\n";
		};
		75495DB25F90ECC138D3DE4E /* [CP] Check Pods Manifest.lock */ = {
			isa = PBXShellScriptBuildPhase;
			buildActionMask = 2147483647;
			files = (
			);
			inputFileListPaths = (
			);
			inputPaths = (
				"${PODS_PODFILE_DIR_PATH}/Podfile.lock",
				"${PODS_ROOT}/Manifest.lock",
			);
			name = "[CP] Check Pods Manifest.lock";
			outputFileListPaths = (
			);
			outputPaths = (
				"$(DERIVED_FILE_DIR)/Pods-LetsBake-checkManifestLockResult.txt",
			);
			runOnlyForDeploymentPostprocessing = 0;
			shellPath = /bin/sh;
			shellScript = "diff \"${PODS_PODFILE_DIR_PATH}/Podfile.lock\" \"${PODS_ROOT}/Manifest.lock\" > /dev/null\nif [ $? != 0 ] ; then\n    # print error to STDERR\n    echo \"error: The sandbox is not in sync with the Podfile.lock. Run 'pod install' or update your CocoaPods installation.\" >&2\n    exit 1\nfi\n# This output is used by Xcode 'outputs' to avoid re-running this script phase.\necho \"SUCCESS\" > \"${SCRIPT_OUTPUT_FILE_0}\"\n";
			showEnvVarsInLog = 0;
		};
/* End PBXShellScriptBuildPhase section */

/* Begin PBXSourcesBuildPhase section */
		6182F2CC2755FEB0001848E0 /* Sources */ = {
			isa = PBXSourcesBuildPhase;
			buildActionMask = 2147483647;
			files = (
				613C593527C227F7003FF3F7 /* IngredientsRatio.swift in Sources */,
				6182F2D82755FEB0001848E0 /* ExchangerViewController.swift in Sources */,
				6182F2F12761C467001848E0 /* ExchangerViewModel.swift in Sources */,
				6182F303276215FA001848E0 /* UIView.swift in Sources */,
				6182F2EF275F6C13001848E0 /* ExchangeModel.swift in Sources */,
				6182F3192769FFE4001848E0 /* UIColor.swift in Sources */,
				6182F2F52761C4AE001848E0 /* TimerViewController.swift in Sources */,
				6182F31B276A1765001848E0 /* DiaryIngredientsTableViewCell.swift in Sources */,
				61288CA9279004330062579F /* UISlider.swift in Sources */,
				6182F3172768C405001848E0 /* DiaryCollectionViewCell.swift in Sources */,
				61C8EA1327A287EC003FD11B /* Observable.swift in Sources */,
				6182F2F72761C4BC001848E0 /* DiaryCollectionViewController.swift in Sources */,
				6182F2D42755FEB0001848E0 /* AppDelegate.swift in Sources */,
				61288CAF2797E8380062579F /* TimerViewModel.swift in Sources */,
				6182F30F27678817001848E0 /* DiaryWriteViewController.swift in Sources */,
				61288CAB279285A70062579F /* DiaryDetailViewController.swift in Sources */,
				6182F2D62755FEB0001848E0 /* SceneDelegate.swift in Sources */,
				61288CB12797E8430062579F /* TimerModel.swift in Sources */,
				6182F2FA2761C799001848E0 /* UITabBar.swift in Sources */,
				6182F30527623226001848E0 /* UITextField.swift in Sources */,
			);
			runOnlyForDeploymentPostprocessing = 0;
		};
/* End PBXSourcesBuildPhase section */

/* Begin PBXVariantGroup section */
		6182F2D92755FEB0001848E0 /* Main.storyboard */ = {
			isa = PBXVariantGroup;
			children = (
				6182F2DA2755FEB0001848E0 /* Base */,
			);
			name = Main.storyboard;
			sourceTree = "<group>";
		};
		6182F2DE2755FEB1001848E0 /* LaunchScreen.storyboard */ = {
			isa = PBXVariantGroup;
			children = (
				6182F2DF2755FEB1001848E0 /* Base */,
			);
			name = LaunchScreen.storyboard;
			sourceTree = "<group>";
		};
/* End PBXVariantGroup section */

/* Begin XCBuildConfiguration section */
		6182F2E22755FEB1001848E0 /* Debug */ = {
			isa = XCBuildConfiguration;
			buildSettings = {
				ALWAYS_SEARCH_USER_PATHS = NO;
				CLANG_ANALYZER_NONNULL = YES;
				CLANG_ANALYZER_NUMBER_OBJECT_CONVERSION = YES_AGGRESSIVE;
				CLANG_CXX_LANGUAGE_STANDARD = "gnu++17";
				CLANG_CXX_LIBRARY = "libc++";
				CLANG_ENABLE_MODULES = YES;
				CLANG_ENABLE_OBJC_ARC = YES;
				CLANG_ENABLE_OBJC_WEAK = YES;
				CLANG_WARN_BLOCK_CAPTURE_AUTORELEASING = YES;
				CLANG_WARN_BOOL_CONVERSION = YES;
				CLANG_WARN_COMMA = YES;
				CLANG_WARN_CONSTANT_CONVERSION = YES;
				CLANG_WARN_DEPRECATED_OBJC_IMPLEMENTATIONS = YES;
				CLANG_WARN_DIRECT_OBJC_ISA_USAGE = YES_ERROR;
				CLANG_WARN_DOCUMENTATION_COMMENTS = YES;
				CLANG_WARN_EMPTY_BODY = YES;
				CLANG_WARN_ENUM_CONVERSION = YES;
				CLANG_WARN_INFINITE_RECURSION = YES;
				CLANG_WARN_INT_CONVERSION = YES;
				CLANG_WARN_NON_LITERAL_NULL_CONVERSION = YES;
				CLANG_WARN_OBJC_IMPLICIT_RETAIN_SELF = YES;
				CLANG_WARN_OBJC_LITERAL_CONVERSION = YES;
				CLANG_WARN_OBJC_ROOT_CLASS = YES_ERROR;
				CLANG_WARN_QUOTED_INCLUDE_IN_FRAMEWORK_HEADER = YES;
				CLANG_WARN_RANGE_LOOP_ANALYSIS = YES;
				CLANG_WARN_STRICT_PROTOTYPES = YES;
				CLANG_WARN_SUSPICIOUS_MOVE = YES;
				CLANG_WARN_UNGUARDED_AVAILABILITY = YES_AGGRESSIVE;
				CLANG_WARN_UNREACHABLE_CODE = YES;
				CLANG_WARN__DUPLICATE_METHOD_MATCH = YES;
				COPY_PHASE_STRIP = NO;
				DEBUG_INFORMATION_FORMAT = dwarf;
				ENABLE_STRICT_OBJC_MSGSEND = YES;
				ENABLE_TESTABILITY = YES;
				GCC_C_LANGUAGE_STANDARD = gnu11;
				GCC_DYNAMIC_NO_PIC = NO;
				GCC_NO_COMMON_BLOCKS = YES;
				GCC_OPTIMIZATION_LEVEL = 0;
				GCC_PREPROCESSOR_DEFINITIONS = (
					"DEBUG=1",
					"$(inherited)",
				);
				GCC_WARN_64_TO_32_BIT_CONVERSION = YES;
				GCC_WARN_ABOUT_RETURN_TYPE = YES_ERROR;
				GCC_WARN_UNDECLARED_SELECTOR = YES;
				GCC_WARN_UNINITIALIZED_AUTOS = YES_AGGRESSIVE;
				GCC_WARN_UNUSED_FUNCTION = YES;
				GCC_WARN_UNUSED_VARIABLE = YES;
				IPHONEOS_DEPLOYMENT_TARGET = 14.0;
				MTL_ENABLE_DEBUG_INFO = INCLUDE_SOURCE;
				MTL_FAST_MATH = YES;
				ONLY_ACTIVE_ARCH = YES;
				SDKROOT = iphoneos;
				SWIFT_ACTIVE_COMPILATION_CONDITIONS = DEBUG;
				SWIFT_OPTIMIZATION_LEVEL = "-Onone";
			};
			name = Debug;
		};
		6182F2E32755FEB1001848E0 /* Release */ = {
			isa = XCBuildConfiguration;
			buildSettings = {
				ALWAYS_SEARCH_USER_PATHS = NO;
				CLANG_ANALYZER_NONNULL = YES;
				CLANG_ANALYZER_NUMBER_OBJECT_CONVERSION = YES_AGGRESSIVE;
				CLANG_CXX_LANGUAGE_STANDARD = "gnu++17";
				CLANG_CXX_LIBRARY = "libc++";
				CLANG_ENABLE_MODULES = YES;
				CLANG_ENABLE_OBJC_ARC = YES;
				CLANG_ENABLE_OBJC_WEAK = YES;
				CLANG_WARN_BLOCK_CAPTURE_AUTORELEASING = YES;
				CLANG_WARN_BOOL_CONVERSION = YES;
				CLANG_WARN_COMMA = YES;
				CLANG_WARN_CONSTANT_CONVERSION = YES;
				CLANG_WARN_DEPRECATED_OBJC_IMPLEMENTATIONS = YES;
				CLANG_WARN_DIRECT_OBJC_ISA_USAGE = YES_ERROR;
				CLANG_WARN_DOCUMENTATION_COMMENTS = YES;
				CLANG_WARN_EMPTY_BODY = YES;
				CLANG_WARN_ENUM_CONVERSION = YES;
				CLANG_WARN_INFINITE_RECURSION = YES;
				CLANG_WARN_INT_CONVERSION = YES;
				CLANG_WARN_NON_LITERAL_NULL_CONVERSION = YES;
				CLANG_WARN_OBJC_IMPLICIT_RETAIN_SELF = YES;
				CLANG_WARN_OBJC_LITERAL_CONVERSION = YES;
				CLANG_WARN_OBJC_ROOT_CLASS = YES_ERROR;
				CLANG_WARN_QUOTED_INCLUDE_IN_FRAMEWORK_HEADER = YES;
				CLANG_WARN_RANGE_LOOP_ANALYSIS = YES;
				CLANG_WARN_STRICT_PROTOTYPES = YES;
				CLANG_WARN_SUSPICIOUS_MOVE = YES;
				CLANG_WARN_UNGUARDED_AVAILABILITY = YES_AGGRESSIVE;
				CLANG_WARN_UNREACHABLE_CODE = YES;
				CLANG_WARN__DUPLICATE_METHOD_MATCH = YES;
				COPY_PHASE_STRIP = NO;
				DEBUG_INFORMATION_FORMAT = "dwarf-with-dsym";
				ENABLE_NS_ASSERTIONS = NO;
				ENABLE_STRICT_OBJC_MSGSEND = YES;
				GCC_C_LANGUAGE_STANDARD = gnu11;
				GCC_NO_COMMON_BLOCKS = YES;
				GCC_WARN_64_TO_32_BIT_CONVERSION = YES;
				GCC_WARN_ABOUT_RETURN_TYPE = YES_ERROR;
				GCC_WARN_UNDECLARED_SELECTOR = YES;
				GCC_WARN_UNINITIALIZED_AUTOS = YES_AGGRESSIVE;
				GCC_WARN_UNUSED_FUNCTION = YES;
				GCC_WARN_UNUSED_VARIABLE = YES;
				IPHONEOS_DEPLOYMENT_TARGET = 14.0;
				MTL_ENABLE_DEBUG_INFO = NO;
				MTL_FAST_MATH = YES;
				SDKROOT = iphoneos;
				SWIFT_COMPILATION_MODE = wholemodule;
				SWIFT_OPTIMIZATION_LEVEL = "-O";
				VALIDATE_PRODUCT = YES;
			};
			name = Release;
		};
		6182F2E52755FEB1001848E0 /* Debug */ = {
			isa = XCBuildConfiguration;
			baseConfigurationReference = F691CB0BC95D2EC2C2FF6992 /* Pods-LetsBake.debug.xcconfig */;
			buildSettings = {
				ASSETCATALOG_COMPILER_APPICON_NAME = AppIcon;
				ASSETCATALOG_COMPILER_GLOBAL_ACCENT_COLOR_NAME = AccentColor;
				CODE_SIGN_STYLE = Automatic;
				CURRENT_PROJECT_VERSION = 1;
				DEVELOPMENT_TEAM = R4HW69RLJ5;
				GENERATE_INFOPLIST_FILE = YES;
				INFOPLIST_FILE = LetsBake/Info.plist;
				INFOPLIST_KEY_UIApplicationSupportsIndirectInputEvents = YES;
				INFOPLIST_KEY_UILaunchStoryboardName = LaunchScreen;
				INFOPLIST_KEY_UIMainStoryboardFile = Main;
				INFOPLIST_KEY_UISupportedInterfaceOrientations_iPad = "UIInterfaceOrientationPortrait UIInterfaceOrientationPortraitUpsideDown UIInterfaceOrientationLandscapeLeft UIInterfaceOrientationLandscapeRight";
				INFOPLIST_KEY_UISupportedInterfaceOrientations_iPhone = "UIInterfaceOrientationPortrait UIInterfaceOrientationLandscapeLeft UIInterfaceOrientationLandscapeRight";
				LD_RUNPATH_SEARCH_PATHS = (
					"$(inherited)",
					"@executable_path/Frameworks",
				);
				MARKETING_VERSION = 1.0;
				PRODUCT_BUNDLE_IDENTIFIER = jjong.LetsBake;
				PRODUCT_NAME = "$(TARGET_NAME)";
				SWIFT_EMIT_LOC_STRINGS = YES;
				SWIFT_VERSION = 5.0;
				TARGETED_DEVICE_FAMILY = "1,2";
			};
			name = Debug;
		};
		6182F2E62755FEB1001848E0 /* Release */ = {
			isa = XCBuildConfiguration;
			baseConfigurationReference = 3648401ECB54DBF7FE4CE346 /* Pods-LetsBake.release.xcconfig */;
			buildSettings = {
				ASSETCATALOG_COMPILER_APPICON_NAME = AppIcon;
				ASSETCATALOG_COMPILER_GLOBAL_ACCENT_COLOR_NAME = AccentColor;
				CODE_SIGN_STYLE = Automatic;
				CURRENT_PROJECT_VERSION = 1;
				DEVELOPMENT_TEAM = R4HW69RLJ5;
				GENERATE_INFOPLIST_FILE = YES;
				INFOPLIST_FILE = LetsBake/Info.plist;
				INFOPLIST_KEY_UIApplicationSupportsIndirectInputEvents = YES;
				INFOPLIST_KEY_UILaunchStoryboardName = LaunchScreen;
				INFOPLIST_KEY_UIMainStoryboardFile = Main;
				INFOPLIST_KEY_UISupportedInterfaceOrientations_iPad = "UIInterfaceOrientationPortrait UIInterfaceOrientationPortraitUpsideDown UIInterfaceOrientationLandscapeLeft UIInterfaceOrientationLandscapeRight";
				INFOPLIST_KEY_UISupportedInterfaceOrientations_iPhone = "UIInterfaceOrientationPortrait UIInterfaceOrientationLandscapeLeft UIInterfaceOrientationLandscapeRight";
				LD_RUNPATH_SEARCH_PATHS = (
					"$(inherited)",
					"@executable_path/Frameworks",
				);
				MARKETING_VERSION = 1.0;
				PRODUCT_BUNDLE_IDENTIFIER = jjong.LetsBake;
				PRODUCT_NAME = "$(TARGET_NAME)";
				SWIFT_EMIT_LOC_STRINGS = YES;
				SWIFT_VERSION = 5.0;
				TARGETED_DEVICE_FAMILY = "1,2";
			};
			name = Release;
		};
/* End XCBuildConfiguration section */

/* Begin XCConfigurationList section */
		6182F2CB2755FEB0001848E0 /* Build configuration list for PBXProject "LetsBake" */ = {
			isa = XCConfigurationList;
			buildConfigurations = (
				6182F2E22755FEB1001848E0 /* Debug */,
				6182F2E32755FEB1001848E0 /* Release */,
			);
			defaultConfigurationIsVisible = 0;
			defaultConfigurationName = Release;
		};
		6182F2E42755FEB1001848E0 /* Build configuration list for PBXNativeTarget "LetsBake" */ = {
			isa = XCConfigurationList;
			buildConfigurations = (
				6182F2E52755FEB1001848E0 /* Debug */,
				6182F2E62755FEB1001848E0 /* Release */,
			);
			defaultConfigurationIsVisible = 0;
			defaultConfigurationName = Release;
		};
/* End XCConfigurationList section */
	};
	rootObject = 6182F2C82755FEB0001848E0 /* Project object */;
}
